
Microsoft Visual Studio Solution File, Format Version 12.00
# Visual Studio Version 17
VisualStudioVersion = 17.4.33122.133
MinimumVisualStudioVersion = 10.0.40219.1
Project("{2150E333-8FDC-42A3-9474-1A3956D46DE8}") = "FrontEnd", "FrontEnd", "{9A04603F-DEFE-4179-85DB-72E3C63F3479}"
EndProject
Project("{2150E333-8FDC-42A3-9474-1A3956D46DE8}") = "Services", "Services", "{0CA42733-C1DF-49CD-9F32-D02B4084BF67}"
EndProject
Project("{FAE04EC0-301F-11D3-BF4B-00C04F79EFBC}") = "GeekShopping.Web", "GeekShopping.Web\GeekShopping.Web.csproj", "{A9DC551D-5CE6-41F6-9A29-4CCE9E55B7E7}"
EndProject
Project("{FAE04EC0-301F-11D3-BF4B-00C04F79EFBC}") = "GeekShpping.ProductAPI", "GeekShpping.ProductAPI\GeekShpping.ProductAPI.csproj", "{3ECF93CE-D69D-4BCA-BB93-E5D79A82DFBD}"
EndProject
Global
	GlobalSection(SolutionConfigurationPlatforms) = preSolution
		Debug|Any CPU = Debug|Any CPU
		Release|Any CPU = Release|Any CPU
	EndGlobalSection
	GlobalSection(ProjectConfigurationPlatforms) = postSolution
		{A9DC551D-5CE6-41F6-9A29-4CCE9E55B7E7}.Debug|Any CPU.ActiveCfg = Debug|Any CPU
		{A9DC551D-5CE6-41F6-9A29-4CCE9E55B7E7}.Debug|Any CPU.Build.0 = Debug|Any CPU
		{A9DC551D-5CE6-41F6-9A29-4CCE9E55B7E7}.Release|Any CPU.ActiveCfg = Release|Any CPU
		{A9DC551D-5CE6-41F6-9A29-4CCE9E55B7E7}.Release|Any CPU.Build.0 = Release|Any CPU
		{3ECF93CE-D69D-4BCA-BB93-E5D79A82DFBD}.Debug|Any CPU.ActiveCfg = Debug|Any CPU
		{3ECF93CE-D69D-4BCA-BB93-E5D79A82DFBD}.Debug|Any CPU.Build.0 = Debug|Any CPU
		{3ECF93CE-D69D-4BCA-BB93-E5D79A82DFBD}.Release|Any CPU.ActiveCfg = Release|Any CPU
		{3ECF93CE-D69D-4BCA-BB93-E5D79A82DFBD}.Release|Any CPU.Build.0 = Release|Any CPU
	EndGlobalSection
	GlobalSection(SolutionProperties) = preSolution
		HideSolutionNode = FALSE
	EndGlobalSection
	GlobalSection(NestedProjects) = preSolution
		{A9DC551D-5CE6-41F6-9A29-4CCE9E55B7E7} = {9A04603F-DEFE-4179-85DB-72E3C63F3479}
		{3ECF93CE-D69D-4BCA-BB93-E5D79A82DFBD} = {0CA42733-C1DF-49CD-9F32-D02B4084BF67}
	EndGlobalSection
	GlobalSection(ExtensibilityGlobals) = postSolution
		SolutionGuid = {6BC7B948-0D04-42D0-B30C-FA4FF7F21CCB}
	EndGlobalSection
EndGlobal
